
Microsoft Visual Studio Solution File, Format Version 12.00
# Visual Studio Version 17
VisualStudioVersion = 17.1.32319.34
MinimumVisualStudioVersion = 10.0.40219.1
Project("{9A19103F-16F7-4668-BE54-9A1E7A4F7556}") = "HomeworkAPI", "HomeworkAPI.csproj", "{22558221-D218-4159-AB5B-83D98B1F5F66}"
EndProject
Project("{2150E333-8FDC-42A3-9474-1A3956D46DE8}") = "DataAccess", "DataAccess", "{44B80942-5EAF-4F7C-AE52-E2D8BDD0BEE5}"
EndProject
Project("{2150E333-8FDC-42A3-9474-1A3956D46DE8}") = "Business", "Business", "{AFB8761E-F039-41AA-9C0D-CD3B3F000345}"
EndProject
Project("{9A19103F-16F7-4668-BE54-9A1E7A4F7556}") = "EntityFrameworkORM", "..\EntityFrameworkORM\EntityFrameworkORM.csproj", "{32B270D8-921F-4414-B8B5-E893FD778B94}"
EndProject
Project("{2150E333-8FDC-42A3-9474-1A3956D46DE8}") = "Features", "Features", "{E5F1396E-041A-4115-88DA-F9CE5AD0B897}"
EndProject
Project("{9A19103F-16F7-4668-BE54-9A1E7A4F7556}") = "DapperORM", "..\DapperORM\DapperORM.csproj", "{566CB639-825C-4F54-8496-E98E47204368}"
EndProject
Project("{9A19103F-16F7-4668-BE54-9A1E7A4F7556}") = "SubjectFeatures", "..\SubjectFeatures\SubjectFeatures.csproj", "{22DAA5FB-D32F-4B2C-830B-CC1CBF91848B}"
EndProject
Project("{2150E333-8FDC-42A3-9474-1A3956D46DE8}") = "Shared", "Shared", "{DC01E7BD-2E98-462A-A311-55C7870D609D}"
EndProject
Project("{9A19103F-16F7-4668-BE54-9A1E7A4F7556}") = "HighSchoolShared", "..\HighSchoolShared\HighSchoolShared.csproj", "{CAD6F462-18F7-48CE-B689-6D6FB369CDAD}"
EndProject
Project("{9A19103F-16F7-4668-BE54-9A1E7A4F7556}") = "StudentFeature", "..\StudentFeature\StudentFeature.csproj", "{D2EF6752-BD1E-47C8-A3B6-7692B61F6204}"
EndProject
Project("{9A19103F-16F7-4668-BE54-9A1E7A4F7556}") = "GradeFeatures", "..\GradeFeatures\GradeFeatures.csproj", "{B372DAAA-AF2E-4A3E-A951-E9BD1F6EE170}"
EndProject
Project("{9A19103F-16F7-4668-BE54-9A1E7A4F7556}") = "CatalogFeatures", "..\CatalogFeatures\CatalogFeatures.csproj", "{0D95BDEF-1744-42EA-BDB7-9564CAB3E5BD}"
EndProject
Project("{FAE04EC0-301F-11D3-BF4B-00C04F79EFBC}") = "IdentityProvider", "..\IdentityProvider\IdentityProvider.csproj", "{815E0247-E8C7-4578-91BA-246FA05B5C5A}"
EndProject
Global
	GlobalSection(SolutionConfigurationPlatforms) = preSolution
		Debug|Any CPU = Debug|Any CPU
		Release|Any CPU = Release|Any CPU
	EndGlobalSection
	GlobalSection(ProjectConfigurationPlatforms) = postSolution
		{22558221-D218-4159-AB5B-83D98B1F5F66}.Debug|Any CPU.ActiveCfg = Debug|Any CPU
		{22558221-D218-4159-AB5B-83D98B1F5F66}.Debug|Any CPU.Build.0 = Debug|Any CPU
		{22558221-D218-4159-AB5B-83D98B1F5F66}.Release|Any CPU.ActiveCfg = Release|Any CPU
		{22558221-D218-4159-AB5B-83D98B1F5F66}.Release|Any CPU.Build.0 = Release|Any CPU
		{32B270D8-921F-4414-B8B5-E893FD778B94}.Debug|Any CPU.ActiveCfg = Debug|Any CPU
		{32B270D8-921F-4414-B8B5-E893FD778B94}.Debug|Any CPU.Build.0 = Debug|Any CPU
		{32B270D8-921F-4414-B8B5-E893FD778B94}.Release|Any CPU.ActiveCfg = Release|Any CPU
		{32B270D8-921F-4414-B8B5-E893FD778B94}.Release|Any CPU.Build.0 = Release|Any CPU
		{566CB639-825C-4F54-8496-E98E47204368}.Debug|Any CPU.ActiveCfg = Debug|Any CPU
		{566CB639-825C-4F54-8496-E98E47204368}.Debug|Any CPU.Build.0 = Debug|Any CPU
		{566CB639-825C-4F54-8496-E98E47204368}.Release|Any CPU.ActiveCfg = Release|Any CPU
		{566CB639-825C-4F54-8496-E98E47204368}.Release|Any CPU.Build.0 = Release|Any CPU
		{22DAA5FB-D32F-4B2C-830B-CC1CBF91848B}.Debug|Any CPU.ActiveCfg = Debug|Any CPU
		{22DAA5FB-D32F-4B2C-830B-CC1CBF91848B}.Debug|Any CPU.Build.0 = Debug|Any CPU
		{22DAA5FB-D32F-4B2C-830B-CC1CBF91848B}.Release|Any CPU.ActiveCfg = Release|Any CPU
		{22DAA5FB-D32F-4B2C-830B-CC1CBF91848B}.Release|Any CPU.Build.0 = Release|Any CPU
		{CAD6F462-18F7-48CE-B689-6D6FB369CDAD}.Debug|Any CPU.ActiveCfg = Debug|Any CPU
		{CAD6F462-18F7-48CE-B689-6D6FB369CDAD}.Debug|Any CPU.Build.0 = Debug|Any CPU
		{CAD6F462-18F7-48CE-B689-6D6FB369CDAD}.Release|Any CPU.ActiveCfg = Release|Any CPU
		{CAD6F462-18F7-48CE-B689-6D6FB369CDAD}.Release|Any CPU.Build.0 = Release|Any CPU
		{D2EF6752-BD1E-47C8-A3B6-7692B61F6204}.Debug|Any CPU.ActiveCfg = Debug|Any CPU
		{D2EF6752-BD1E-47C8-A3B6-7692B61F6204}.Debug|Any CPU.Build.0 = Debug|Any CPU
		{D2EF6752-BD1E-47C8-A3B6-7692B61F6204}.Release|Any CPU.ActiveCfg = Release|Any CPU
		{D2EF6752-BD1E-47C8-A3B6-7692B61F6204}.Release|Any CPU.Build.0 = Release|Any CPU
		{B372DAAA-AF2E-4A3E-A951-E9BD1F6EE170}.Debug|Any CPU.ActiveCfg = Debug|Any CPU
		{B372DAAA-AF2E-4A3E-A951-E9BD1F6EE170}.Debug|Any CPU.Build.0 = Debug|Any CPU
		{B372DAAA-AF2E-4A3E-A951-E9BD1F6EE170}.Release|Any CPU.ActiveCfg = Release|Any CPU
		{B372DAAA-AF2E-4A3E-A951-E9BD1F6EE170}.Release|Any CPU.Build.0 = Release|Any CPU
		{0D95BDEF-1744-42EA-BDB7-9564CAB3E5BD}.Debug|Any CPU.ActiveCfg = Debug|Any CPU
		{0D95BDEF-1744-42EA-BDB7-9564CAB3E5BD}.Debug|Any CPU.Build.0 = Debug|Any CPU
		{0D95BDEF-1744-42EA-BDB7-9564CAB3E5BD}.Release|Any CPU.ActiveCfg = Release|Any CPU
		{0D95BDEF-1744-42EA-BDB7-9564CAB3E5BD}.Release|Any CPU.Build.0 = Release|Any CPU
		{815E0247-E8C7-4578-91BA-246FA05B5C5A}.Debug|Any CPU.ActiveCfg = Debug|Any CPU
		{815E0247-E8C7-4578-91BA-246FA05B5C5A}.Debug|Any CPU.Build.0 = Debug|Any CPU
		{815E0247-E8C7-4578-91BA-246FA05B5C5A}.Release|Any CPU.ActiveCfg = Release|Any CPU
		{815E0247-E8C7-4578-91BA-246FA05B5C5A}.Release|Any CPU.Build.0 = Release|Any CPU
	EndGlobalSection
	GlobalSection(SolutionProperties) = preSolution
		HideSolutionNode = FALSE
	EndGlobalSection
	GlobalSection(NestedProjects) = preSolution
		{32B270D8-921F-4414-B8B5-E893FD778B94} = {44B80942-5EAF-4F7C-AE52-E2D8BDD0BEE5}
		{E5F1396E-041A-4115-88DA-F9CE5AD0B897} = {AFB8761E-F039-41AA-9C0D-CD3B3F000345}
		{566CB639-825C-4F54-8496-E98E47204368} = {44B80942-5EAF-4F7C-AE52-E2D8BDD0BEE5}
		{22DAA5FB-D32F-4B2C-830B-CC1CBF91848B} = {E5F1396E-041A-4115-88DA-F9CE5AD0B897}
		{CAD6F462-18F7-48CE-B689-6D6FB369CDAD} = {DC01E7BD-2E98-462A-A311-55C7870D609D}
		{D2EF6752-BD1E-47C8-A3B6-7692B61F6204} = {E5F1396E-041A-4115-88DA-F9CE5AD0B897}
		{B372DAAA-AF2E-4A3E-A951-E9BD1F6EE170} = {E5F1396E-041A-4115-88DA-F9CE5AD0B897}
		{0D95BDEF-1744-42EA-BDB7-9564CAB3E5BD} = {E5F1396E-041A-4115-88DA-F9CE5AD0B897}
	EndGlobalSection
	GlobalSection(ExtensibilityGlobals) = postSolution
		SolutionGuid = {2F2A3F1B-7009-4324-824B-D828CD1CD856}
	EndGlobalSection
EndGlobal
